
Microsoft Visual Studio Solution File, Format Version 12.00
# Visual Studio Version 17
VisualStudioVersion = 17.12.35323.107
MinimumVisualStudioVersion = 10.0.40219.1
Project("{FAE04EC0-301F-11D3-BF4B-00C04F79EFBC}") = "01_MainSubjects", "01_MainSubjects\01_MainSubjects.csproj", "{F45E9D31-2AF0-423E-BC11-031DC07E5888}"
EndProject
Project("{FAE04EC0-301F-11D3-BF4B-00C04F79EFBC}") = "02_Variabless", "02_Variabless\02_Variabless.csproj", "{2C070415-B5D4-441D-9659-CD41137B4EC8}"
EndProject
Project("{FAE04EC0-301F-11D3-BF4B-00C04F79EFBC}") = "03_MakingDecision", "03_MakingDecision\03_MakingDecision.csproj", "{649E155E-1237-43D6-AF38-778D14D185CC}"
EndProject
Project("{FAE04EC0-301F-11D3-BF4B-00C04F79EFBC}") = "04_Loops", "04_Loops\04_Loops.csproj", "{D32F9C84-7351-472C-AD4A-5583CAF48FFD}"
EndProject
Project("{FAE04EC0-301F-11D3-BF4B-00C04F79EFBC}") = "05_LoopsWithStars", "05_LoopsWithStars\05_LoopsWithStars.csproj", "{1C14D62F-3736-49EF-8859-9CF85CB6CDC9}"
EndProject
Global
	GlobalSection(SolutionConfigurationPlatforms) = preSolution
		Debug|Any CPU = Debug|Any CPU
		Release|Any CPU = Release|Any CPU
	EndGlobalSection
	GlobalSection(ProjectConfigurationPlatforms) = postSolution
		{F45E9D31-2AF0-423E-BC11-031DC07E5888}.Debug|Any CPU.ActiveCfg = Debug|Any CPU
		{F45E9D31-2AF0-423E-BC11-031DC07E5888}.Debug|Any CPU.Build.0 = Debug|Any CPU
		{F45E9D31-2AF0-423E-BC11-031DC07E5888}.Release|Any CPU.ActiveCfg = Release|Any CPU
		{F45E9D31-2AF0-423E-BC11-031DC07E5888}.Release|Any CPU.Build.0 = Release|Any CPU
		{2C070415-B5D4-441D-9659-CD41137B4EC8}.Debug|Any CPU.ActiveCfg = Debug|Any CPU
		{2C070415-B5D4-441D-9659-CD41137B4EC8}.Debug|Any CPU.Build.0 = Debug|Any CPU
		{2C070415-B5D4-441D-9659-CD41137B4EC8}.Release|Any CPU.ActiveCfg = Release|Any CPU
		{2C070415-B5D4-441D-9659-CD41137B4EC8}.Release|Any CPU.Build.0 = Release|Any CPU
		{649E155E-1237-43D6-AF38-778D14D185CC}.Debug|Any CPU.ActiveCfg = Debug|Any CPU
		{649E155E-1237-43D6-AF38-778D14D185CC}.Debug|Any CPU.Build.0 = Debug|Any CPU
		{649E155E-1237-43D6-AF38-778D14D185CC}.Release|Any CPU.ActiveCfg = Release|Any CPU
		{649E155E-1237-43D6-AF38-778D14D185CC}.Release|Any CPU.Build.0 = Release|Any CPU
		{D32F9C84-7351-472C-AD4A-5583CAF48FFD}.Debug|Any CPU.ActiveCfg = Debug|Any CPU
		{D32F9C84-7351-472C-AD4A-5583CAF48FFD}.Debug|Any CPU.Build.0 = Debug|Any CPU
		{D32F9C84-7351-472C-AD4A-5583CAF48FFD}.Release|Any CPU.ActiveCfg = Release|Any CPU
		{D32F9C84-7351-472C-AD4A-5583CAF48FFD}.Release|Any CPU.Build.0 = Release|Any CPU
		{1C14D62F-3736-49EF-8859-9CF85CB6CDC9}.Debug|Any CPU.ActiveCfg = Debug|Any CPU
		{1C14D62F-3736-49EF-8859-9CF85CB6CDC9}.Debug|Any CPU.Build.0 = Debug|Any CPU
		{1C14D62F-3736-49EF-8859-9CF85CB6CDC9}.Release|Any CPU.ActiveCfg = Release|Any CPU
		{1C14D62F-3736-49EF-8859-9CF85CB6CDC9}.Release|Any CPU.Build.0 = Release|Any CPU
	EndGlobalSection
	GlobalSection(SolutionProperties) = preSolution
		HideSolutionNode = FALSE
	EndGlobalSection
	GlobalSection(ExtensibilityGlobals) = postSolution
		SolutionGuid = {AD9DDFDF-FFE7-40AF-BE07-8EA1CC05F22A}
	EndGlobalSection
EndGlobal
